
Microsoft Visual Studio Solution File, Format Version 12.00
# Visual Studio Version 18
VisualStudioVersion = 18.6.11819.183 stable
MinimumVisualStudioVersion = 10.0.40219.1
Project("{FAE04EC0-301F-11D3-BF4B-00C04F79EFBC}") = "FTPServerWinV10", "FTPServerWinV10.csproj", "{1B9866AC-7791-922D-B9CD-7CA63FA304FD}"
EndProject
Project("{930C7802-8A8C-48F9-8165-68863BCCD9DD}") = "FTPServerWinV10Setup", "..\FTPServerWinV10Setup\FTPServerWinV10Setup.wixproj", "{A3F8B2C1-D4E5-4F67-8901-23456789ABCD}"
EndProject
Global
	GlobalSection(SolutionConfigurationPlatforms) = preSolution
		Debug|Any CPU = Debug|Any CPU
		Release|Any CPU = Release|Any CPU
		Debug|x64 = Debug|x64
		Release|x64 = Release|x64
	EndGlobalSection
	GlobalSection(ProjectConfigurationPlatforms) = postSolution
		{1B9866AC-7791-922D-B9CD-7CA63FA304FD}.Debug|Any CPU.ActiveCfg = Debug|Any CPU
		{1B9866AC-7791-922D-B9CD-7CA63FA304FD}.Debug|Any CPU.Build.0 = Debug|Any CPU
		{1B9866AC-7791-922D-B9CD-7CA63FA304FD}.Release|Any CPU.ActiveCfg = Release|Any CPU
		{1B9866AC-7791-922D-B9CD-7CA63FA304FD}.Release|Any CPU.Build.0 = Release|Any CPU
		{1B9866AC-7791-922D-B9CD-7CA63FA304FD}.Debug|x64.ActiveCfg = Debug|Any CPU
		{1B9866AC-7791-922D-B9CD-7CA63FA304FD}.Debug|x64.Build.0 = Debug|Any CPU
		{1B9866AC-7791-922D-B9CD-7CA63FA304FD}.Release|x64.ActiveCfg = Release|Any CPU
		{1B9866AC-7791-922D-B9CD-7CA63FA304FD}.Release|x64.Build.0 = Release|Any CPU
		{A3F8B2C1-D4E5-4F67-8901-23456789ABCD}.Debug|Any CPU.ActiveCfg = Debug|x64
		{A3F8B2C1-D4E5-4F67-8901-23456789ABCD}.Release|Any CPU.ActiveCfg = Release|x64
		{A3F8B2C1-D4E5-4F67-8901-23456789ABCD}.Release|Any CPU.Build.0 = Release|x64
		{A3F8B2C1-D4E5-4F67-8901-23456789ABCD}.Debug|x64.ActiveCfg = Debug|x64
		{A3F8B2C1-D4E5-4F67-8901-23456789ABCD}.Release|x64.ActiveCfg = Release|x64
		{A3F8B2C1-D4E5-4F67-8901-23456789ABCD}.Release|x64.Build.0 = Release|x64
	EndGlobalSection
	GlobalSection(SolutionProperties) = preSolution
		HideSolutionNode = FALSE
	EndGlobalSection
	GlobalSection(ExtensibilityGlobals) = postSolution
		SolutionGuid = {F6AA93CF-8F71-4F08-9BE1-AD62AD2663E0}
	EndGlobalSection
EndGlobal
