
Microsoft Visual Studio Solution File, Format Version 12.00
# Visual Studio Version 17
VisualStudioVersion = 17.0.31903.59
MinimumVisualStudioVersion = 10.0.40219.1
Project("{9A19103F-16F7-4668-BE54-9A1E7A4F7556}") = "HWP2DocWinV10", "HWP2DocWinV10\HWP2DocWinV10.csproj", "{A1E8B5C2-3D4F-4A6B-9C0D-1E2F3A4B5C6D}"
EndProject
Project("{930C7802-8A8C-48F9-8165-68863BCCD9DD}") = "HWP2DocWinV10.Installer", "HWP2DocWinV10.Installer\HWP2DocWinV10.Installer.wixproj", "{B2F9C6D3-4E5A-4B7C-AD1E-2F3A4B5C6D7E}"
EndProject
Global
	GlobalSection(SolutionConfigurationPlatforms) = preSolution
		Debug|Any CPU = Debug|Any CPU
		Release|Any CPU = Release|Any CPU
	EndGlobalSection
	GlobalSection(ProjectConfigurationPlatforms) = postSolution
		{A1E8B5C2-3D4F-4A6B-9C0D-1E2F3A4B5C6D}.Debug|Any CPU.ActiveCfg = Debug|Any CPU
		{A1E8B5C2-3D4F-4A6B-9C0D-1E2F3A4B5C6D}.Debug|Any CPU.Build.0 = Debug|Any CPU
		{A1E8B5C2-3D4F-4A6B-9C0D-1E2F3A4B5C6D}.Release|Any CPU.ActiveCfg = Release|Any CPU
		{A1E8B5C2-3D4F-4A6B-9C0D-1E2F3A4B5C6D}.Release|Any CPU.Build.0 = Release|Any CPU
		{B2F9C6D3-4E5A-4B7C-AD1E-2F3A4B5C6D7E}.Debug|Any CPU.ActiveCfg = Debug|Any CPU
		{B2F9C6D3-4E5A-4B7C-AD1E-2F3A4B5C6D7E}.Release|Any CPU.ActiveCfg = Release|Any CPU
		{B2F9C6D3-4E5A-4B7C-AD1E-2F3A4B5C6D7E}.Release|Any CPU.Build.0 = Release|Any CPU
	EndGlobalSection
EndGlobal
