Microsoft Visual Studio Solution File, Format Version 12.00
# Visual Studio Version 17
VisualStudioVersion = 17.5.2.0
MinimumVisualStudioVersion = 10.0.40219.1
Project("{FAE04EC0-301F-11D3-BF4B-00C04F79EFBC}") = "PCClient", "PCClient\PCClient.csproj", "{48889F02-55BC-B495-6262-48A177F3DFBA}"
EndProject
Project("{930C7802-8A8C-48F9-8165-68863BCCD9DD}") = "PCClientInstaller", "PCClientInstaller\PCClientInstaller.wixproj", "{7E8F9A0B-C1D2-E3F4-A5B6-C7D8E9F0A1B2}"
EndProject
Global
	GlobalSection(SolutionConfigurationPlatforms) = preSolution
		Debug|Any CPU = Debug|Any CPU
		Release|Any CPU = Release|Any CPU
	EndGlobalSection
	GlobalSection(ProjectConfigurationPlatforms) = postSolution
		{48889F02-55BC-B495-6262-48A177F3DFBA}.Debug|Any CPU.ActiveCfg = Debug|Any CPU
		{48889F02-55BC-B495-6262-48A177F3DFBA}.Debug|Any CPU.Build.0 = Debug|Any CPU
		{48889F02-55BC-B495-6262-48A177F3DFBA}.Release|Any CPU.ActiveCfg = Release|Any CPU
		{48889F02-55BC-B495-6262-48A177F3DFBA}.Release|Any CPU.Build.0 = Release|Any CPU
		{7E8F9A0B-C1D2-E3F4-A5B6-C7D8E9F0A1B2}.Debug|Any CPU.ActiveCfg = Debug|x64
		{7E8F9A0B-C1D2-E3F4-A5B6-C7D8E9F0A1B2}.Release|Any CPU.ActiveCfg = Release|x64
		{7E8F9A0B-C1D2-E3F4-A5B6-C7D8E9F0A1B2}.Release|Any CPU.Build.0 = Release|x64
	EndGlobalSection
	GlobalSection(SolutionProperties) = preSolution
		HideSolutionNode = FALSE
	EndGlobalSection
	GlobalSection(ExtensibilityGlobals) = postSolution
		SolutionGuid = {5DADA405-E60B-4293-89CF-0A7A8B2BF187}
	EndGlobalSection
EndGlobal
