
Microsoft Visual Studio Solution File, Format Version 12.00
# Visual Studio Version 17
VisualStudioVersion = 17.14.36414.22
MinimumVisualStudioVersion = 10.0.40219.1
Project("{FAE04EC0-301F-11D3-BF4B-00C04F79EFBC}") = "VIXfaceSimulator", "VIXfaceSimulator.csproj", "{4192099F-202D-4F48-B29A-0795DE1079E7}"
EndProject
Global
	GlobalSection(SolutionConfigurationPlatforms) = preSolution
		Debug|Any CPU = Debug|Any CPU
		Release|Any CPU = Release|Any CPU
	EndGlobalSection
	GlobalSection(ProjectConfigurationPlatforms) = postSolution
		{4192099F-202D-4F48-B29A-0795DE1079E7}.Debug|Any CPU.ActiveCfg = Debug|Any CPU
		{4192099F-202D-4F48-B29A-0795DE1079E7}.Debug|Any CPU.Build.0 = Debug|Any CPU
		{4192099F-202D-4F48-B29A-0795DE1079E7}.Release|Any CPU.ActiveCfg = Release|Any CPU
		{4192099F-202D-4F48-B29A-0795DE1079E7}.Release|Any CPU.Build.0 = Release|Any CPU
	EndGlobalSection
	GlobalSection(SolutionProperties) = preSolution
		HideSolutionNode = FALSE
	EndGlobalSection
	GlobalSection(ExtensibilityGlobals) = postSolution
		SolutionGuid = {AD55CE1F-798D-46E7-869D-30FD5964E18F}
	EndGlobalSection
EndGlobal
