Microsoft Visual Studio Solution File, Format Version 12.00
# Visual Studio Version 17
VisualStudioVersion = 17.5.2.0
MinimumVisualStudioVersion = 10.0.40219.1
Project("{FAE04EC0-301F-11D3-BF4B-00C04F79EFBC}") = "PCClient", "PCClient\PCClient.csproj", "{48889F02-55BC-B495-6262-48A177F3DFBA}"
EndProject
Global
	GlobalSection(SolutionConfigurationPlatforms) = preSolution
		Debug|Any CPU = Debug|Any CPU
		Release|Any CPU = Release|Any CPU
	EndGlobalSection
	GlobalSection(ProjectConfigurationPlatforms) = postSolution
		{48889F02-55BC-B495-6262-48A177F3DFBA}.Debug|Any CPU.ActiveCfg = Debug|Any CPU
		{48889F02-55BC-B495-6262-48A177F3DFBA}.Debug|Any CPU.Build.0 = Debug|Any CPU
		{48889F02-55BC-B495-6262-48A177F3DFBA}.Release|Any CPU.ActiveCfg = Release|Any CPU
		{48889F02-55BC-B495-6262-48A177F3DFBA}.Release|Any CPU.Build.0 = Release|Any CPU
	EndGlobalSection
	GlobalSection(SolutionProperties) = preSolution
		HideSolutionNode = FALSE
	EndGlobalSection
	GlobalSection(ExtensibilityGlobals) = postSolution
		SolutionGuid = {5DADA405-E60B-4293-89CF-0A7A8B2BF187}
	EndGlobalSection
EndGlobal
