
Microsoft Visual Studio Solution File, Format Version 12.00
# Visual Studio Version 17
VisualStudioVersion = 17.14.36414.22 d17.14
MinimumVisualStudioVersion = 10.0.40219.1
Project("{FAE04EC0-301F-11D3-BF4B-00C04F79EFBC}") = "TLSServer", "TLSServer.csproj", "{38CC7005-B3EA-4384-BC4E-B4BBECF9FD41}"
EndProject
Global
	GlobalSection(SolutionConfigurationPlatforms) = preSolution
		Debug|Any CPU = Debug|Any CPU
		Release|Any CPU = Release|Any CPU
	EndGlobalSection
	GlobalSection(ProjectConfigurationPlatforms) = postSolution
		{38CC7005-B3EA-4384-BC4E-B4BBECF9FD41}.Debug|Any CPU.ActiveCfg = Debug|Any CPU
		{38CC7005-B3EA-4384-BC4E-B4BBECF9FD41}.Debug|Any CPU.Build.0 = Debug|Any CPU
		{38CC7005-B3EA-4384-BC4E-B4BBECF9FD41}.Release|Any CPU.ActiveCfg = Release|Any CPU
		{38CC7005-B3EA-4384-BC4E-B4BBECF9FD41}.Release|Any CPU.Build.0 = Release|Any CPU
	EndGlobalSection
	GlobalSection(SolutionProperties) = preSolution
		HideSolutionNode = FALSE
	EndGlobalSection
	GlobalSection(ExtensibilityGlobals) = postSolution
		SolutionGuid = {DF8C3DD0-C5A7-4AA0-94A7-51AD885D9F59}
	EndGlobalSection
EndGlobal
