
Microsoft Visual Studio Solution File, Format Version 12.00
# Visual Studio Version 17
VisualStudioVersion = 17.14.36414.22
MinimumVisualStudioVersion = 10.0.40219.1
Project("{FAE04EC0-301F-11D3-BF4B-00C04F79EFBC}") = "VixReaderTest", "VixReaderTest.csproj", "{BBE0CDDF-DCE3-4FF2-9C55-C74FA8AA35CA}"
EndProject
Project("{54435603-DBB4-11D2-8724-00A0C9A8B90C}") = "VixReaderFirmwareTest", "..\VixReaderFirmwareTest\VixReaderFirmwareTest.vdproj", "{EF858B44-EB2B-799D-1B57-9708A52A913A}"
EndProject
Global
	GlobalSection(SolutionConfigurationPlatforms) = preSolution
		Debug|Any CPU = Debug|Any CPU
		Debug|x64 = Debug|x64
		Release|Any CPU = Release|Any CPU
		Release|x64 = Release|x64
	EndGlobalSection
	GlobalSection(ProjectConfigurationPlatforms) = postSolution
		{BBE0CDDF-DCE3-4FF2-9C55-C74FA8AA35CA}.Debug|Any CPU.ActiveCfg = Debug|Any CPU
		{BBE0CDDF-DCE3-4FF2-9C55-C74FA8AA35CA}.Debug|Any CPU.Build.0 = Debug|Any CPU
		{BBE0CDDF-DCE3-4FF2-9C55-C74FA8AA35CA}.Debug|x64.ActiveCfg = Debug|x64
		{BBE0CDDF-DCE3-4FF2-9C55-C74FA8AA35CA}.Debug|x64.Build.0 = Debug|x64
		{BBE0CDDF-DCE3-4FF2-9C55-C74FA8AA35CA}.Release|Any CPU.ActiveCfg = Release|Any CPU
		{BBE0CDDF-DCE3-4FF2-9C55-C74FA8AA35CA}.Release|Any CPU.Build.0 = Release|Any CPU
		{BBE0CDDF-DCE3-4FF2-9C55-C74FA8AA35CA}.Release|x64.ActiveCfg = Release|x64
		{BBE0CDDF-DCE3-4FF2-9C55-C74FA8AA35CA}.Release|x64.Build.0 = Release|x64
		{EF858B44-EB2B-799D-1B57-9708A52A913A}.Debug|Any CPU.ActiveCfg = Debug
		{EF858B44-EB2B-799D-1B57-9708A52A913A}.Debug|x64.ActiveCfg = Debug
		{EF858B44-EB2B-799D-1B57-9708A52A913A}.Release|Any CPU.ActiveCfg = Release
		{EF858B44-EB2B-799D-1B57-9708A52A913A}.Release|x64.ActiveCfg = Release
	EndGlobalSection
	GlobalSection(SolutionProperties) = preSolution
		HideSolutionNode = FALSE
	EndGlobalSection
	GlobalSection(ExtensibilityGlobals) = postSolution
		SolutionGuid = {7BF5F71C-B48A-4512-B989-A6EA73404242}
	EndGlobalSection
EndGlobal
