Microsoft Visual Studio Solution File, Format Version 12.00
# Visual Studio Version 18
VisualStudioVersion = 18.6.11822.322
MinimumVisualStudioVersion = 10.0.40219.1
Project("{462F9274-B64E-4EDD-8F6C-F6B3BEB05BB0}") = "Setup", "Setup\Setup.wixproj", "{398E06F4-4558-44C6-84F2-06010C587B11}"
EndProject
Global
	GlobalSection(SolutionConfigurationPlatforms) = preSolution
		Debug|x64 = Debug|x64
		Release|x64 = Release|x64
	EndGlobalSection
	GlobalSection(ProjectConfigurationPlatforms) = postSolution
		{398E06F4-4558-44C6-84F2-06010C587B11}.Debug|x64.ActiveCfg = Debug|x64
		{398E06F4-4558-44C6-84F2-06010C587B11}.Release|x64.ActiveCfg = Release|x64
	EndGlobalSection
	GlobalSection(SolutionProperties) = preSolution
		HideSolutionNode = FALSE
	EndGlobalSection
	GlobalSection(ExtensibilityGlobals) = postSolution
		SolutionGuid = {6C02D3A9-8A57-451E-832E-A45D8F9200DF}
	EndGlobalSection
EndGlobal
